
Microsoft Visual Studio Solution File, Format Version 12.00
# Visual Studio 14
VisualStudioVersion = 14.0.24720.0
MinimumVisualStudioVersion = 10.0.40219.1
Project("{9092AA53-FB77-4645-B42D-1CCCA6BD08BD}") = "NodeCarController", "NodeCarController\NodeCarController.njsproj", "{FC38B38F-A3FA-49A7-8487-17EB89C9E81F}"
EndProject
Global
	GlobalSection(SolutionConfigurationPlatforms) = preSolution
		Debug|Any CPU = Debug|Any CPU
		Release|Any CPU = Release|Any CPU
	EndGlobalSection
	GlobalSection(ProjectConfigurationPlatforms) = postSolution
		{FC38B38F-A3FA-49A7-8487-17EB89C9E81F}.Debug|Any CPU.ActiveCfg = Debug|Any CPU
		{FC38B38F-A3FA-49A7-8487-17EB89C9E81F}.Debug|Any CPU.Build.0 = Debug|Any CPU
		{FC38B38F-A3FA-49A7-8487-17EB89C9E81F}.Release|Any CPU.ActiveCfg = Release|Any CPU
		{FC38B38F-A3FA-49A7-8487-17EB89C9E81F}.Release|Any CPU.Build.0 = Release|Any CPU
	EndGlobalSection
	GlobalSection(SolutionProperties) = preSolution
		HideSolutionNode = FALSE
	EndGlobalSection
EndGlobal
